Microsoft Visual Studio Solution File, Format Version 8.00
Project("{FAE04EC0-301F-11D3-BF4B-00C04F79EFBC}") = "mw_rdp", "mw_rdp\mw_rdp.csproj", "{7FFAC2AA-6C7D-429C-AC68-F8214211637B}"
	ProjectSection(ProjectDependencies) = postProject
	EndProjectSection
EndProject
Global
	GlobalSection(SolutionConfiguration) = preSolution
		Debug = Debug
		Release = Release
	EndGlobalSection
	GlobalSection(ProjectConfiguration) = postSolution
		{7FFAC2AA-6C7D-429C-AC68-F8214211637B}.Debug.ActiveCfg = Debug|.NET
		{7FFAC2AA-6C7D-429C-AC68-F8214211637B}.Debug.Build.0 = Debug|.NET
		{7FFAC2AA-6C7D-429C-AC68-F8214211637B}.Release.ActiveCfg = Release|.NET
		{7FFAC2AA-6C7D-429C-AC68-F8214211637B}.Release.Build.0 = Release|.NET
	EndGlobalSection
	GlobalSection(ExtensibilityGlobals) = postSolution
	EndGlobalSection
	GlobalSection(ExtensibilityAddIns) = postSolution
	EndGlobalSection
EndGlobal
